{
    "_meta": {
        "hash": {
            "sha256": "58e0ee2ccacdffaf02847efd8de3bd41b092da48770d683b6eab9238d4de29a1"
        },
        "pipfile-spec": 6,
        "requires": {
            "python_version": "3.7"
        },
        "sources": [
            {
                "name": "pypi",
                "url": "https://pypi.org/simple",
                "verify_ssl": true
            }
        ]
    },
    "default": {
        "django-etc": {
            "hashes": [
                "sha256:61aee75a97ef868830260de86f2a69896992776c325624c46827c831101cbd9f",
                "sha256:fa7dbcdba5d0dd3b42eac54463fe24a9e1202a1492ecbf50ed0bc1555074af8f"
            ],
            "version": "==1.4.0"
        },
        "django-hitcount": {
            "hashes": [
                "sha256:5fe70720a75e49bfcee5c4312a7df989bb9e22848039bba1de4406f96fb9cf4d",
                "sha256:b04debff8fd7fe2d255e1d357c27f838aa45c54ed1835b3fd01af30df5319756"
            ],
            "index": "pypi",
            "version": "==1.3.5"
        },
        "whitenoise": {
            "hashes": [
                "sha256:58c7a6cd811e275a6c91af22e96e87da0b1109e9a53bb7464116ef4c963bf636",
                "sha256:a1ae85e01fdc9815d12fa33f17765bc132ed2c54fa76daf9e39e879dd93566f6"
            ],
            "index": "pypi",
            "markers": "python_version >= '3.8'",
            "version": "==6.7.0"
        }
    },
    "develop": {}
}
